{
  "name": "infinite",
  "version": "1.0.0",
  "lockfileVersion": 1,
  "requires": true,
  "dependencies": {
    "bootstrap": {
      "version": "3.3.5",
      "resolved": "https://registry.npmjs.org/bootstrap/-/bootstrap-3.3.5.tgz",
      "integrity": "sha1-F3ereSmbEo2H3OfL2G/cRqxpwLE="
    },
    "dom7": {
      "version": "2.0.3",
      "resolved": "https://registry.npmjs.org/dom7/-/dom7-2.0.3.tgz",
      "integrity": "sha512-PP926uetPkWPt8YrvT/Y04xA5w7WG/zX+t6G3o9HiyYFSfnvSB+RGnNZhWEZ687lZ9tDWbnyrPxj237k2fskKg==",
      "requires": {
        "ssr-window": "1.0.0"
      }
    },
    "jquery": {
      "version": "3.3.1",
      "resolved": "https://registry.npmjs.org/jquery/-/jquery-3.3.1.tgz",
      "integrity": "sha512-Ubldcmxp5np52/ENotGxlLe6aGMvmF4R8S6tZjsP6Knsaxd/xp3Zrh50cG93lR6nPXyUFwzN3ZSOQI0wRJNdGg=="
    },
    "jquery.browser": {
      "version": "0.0.8",
      "resolved": "https://registry.npmjs.org/jquery.browser/-/jquery.browser-0.0.8.tgz",
      "integrity": "sha1-Q/e52gFydgpn34n2clruyLy6iZA="
    },
    "jquery.easing": {
      "version": "1.3.0",
      "resolved": "https://registry.npmjs.org/jquery.easing/-/jquery.easing-1.3.0.tgz",
      "integrity": "sha1-4djG4k0W467jnRZymcqpx35SzrY=",
      "requires": {
        "jquery": "3.3.1"
      }
    },
    "raw-loader": {
      "version": "0.5.1",
      "resolved": "https://registry.npmjs.org/raw-loader/-/raw-loader-0.5.1.tgz",
      "integrity": "sha1-DD0L6u2KAclm2Xh793goElKpeao="
    },
    "script-loader": {
      "version": "0.7.2",
      "resolved": "https://registry.npmjs.org/script-loader/-/script-loader-0.7.2.tgz",
      "integrity": "sha512-UMNLEvgOAQuzK8ji8qIscM3GIrRCWN6MmMXGD4SD5l6cSycgGsCo0tX5xRnfQcoghqct0tjHjcykgI1PyBE2aA==",
      "requires": {
        "raw-loader": "0.5.1"
      }
    },
    "ssr-window": {
      "version": "1.0.0",
      "resolved": "https://registry.npmjs.org/ssr-window/-/ssr-window-1.0.0.tgz",
      "integrity": "sha512-WHFyFLegz/NOgwdlFTw93Wd4c/gQ5hkv6amtdK/K0atfZvr28vwfEV7MR3NtWek+gnpiSd/tKXHQVfQRtA6OJg=="
    },
    "sticky-kit": {
      "version": "1.1.2",
      "resolved": "https://registry.npmjs.org/sticky-kit/-/sticky-kit-1.1.2.tgz",
      "integrity": "sha1-8xmRm5M2Yi9fcfEWeO5c77+oXoM="
    },
    "swiper": {
      "version": "4.1.6",
      "resolved": "https://registry.npmjs.org/swiper/-/swiper-4.1.6.tgz",
      "integrity": "sha512-oEpyQc4qCAgQCWlSPCxJd4STQFJqASyVcLCs7CzzZiFc8NnTfBaMt3p9iwqoC8c6KofJmt6zonyUj50KRFWW3g==",
      "requires": {
        "dom7": "2.0.3",
        "ssr-window": "1.0.0"
      }
    },
    "timeago": {
      "version": "1.4.2",
      "resolved": "https://registry.npmjs.org/timeago/-/timeago-1.4.2.tgz",
      "integrity": "sha1-C1h5L67fEA2zDop0vOmKygXNMLE=",
      "requires": {
        "jquery": "3.3.1"
      }
    },
    "waypoints": {
      "version": "4.0.0",
      "resolved": "https://registry.npmjs.org/waypoints/-/waypoints-4.0.0.tgz",
      "integrity": "sha1-QDPczPvr+3MmRabrtduXtzNn56A="
    }
  }
}
